
Microsoft Visual Studio Solution File, Format Version 12.00
# Visual Studio Version 17
VisualStudioVersion = 17.9.34622.214
MinimumVisualStudioVersion = 10.0.40219.1
Project("{9A19103F-16F7-4668-BE54-9A1E7A4F7556}") = "test_load_msbuild_project", "test_load_msbuild_project.csproj", "{6C60056F-CFBC-4133-A538-9890C600096B}"
EndProject
Global
	GlobalSection(SolutionConfigurationPlatforms) = preSolution
		Debug|Any CPU = Debug|Any CPU
		Release|Any CPU = Release|Any CPU
	EndGlobalSection
	GlobalSection(ProjectConfigurationPlatforms) = postSolution
		{6C60056F-CFBC-4133-A538-9890C600096B}.Debug|Any CPU.ActiveCfg = Debug|Any CPU
		{6C60056F-CFBC-4133-A538-9890C600096B}.Debug|Any CPU.Build.0 = Debug|Any CPU
		{6C60056F-CFBC-4133-A538-9890C600096B}.Release|Any CPU.ActiveCfg = Release|Any CPU
		{6C60056F-CFBC-4133-A538-9890C600096B}.Release|Any CPU.Build.0 = Release|Any CPU
	EndGlobalSection
	GlobalSection(SolutionProperties) = preSolution
		HideSolutionNode = FALSE
	EndGlobalSection
	GlobalSection(ExtensibilityGlobals) = postSolution
		SolutionGuid = {6929B57F-A58E-43E1-96FA-0FF6577CF00D}
	EndGlobalSection
EndGlobal
